
Microsoft Visual Studio Solution File, Format Version 12.00
# Visual Studio 2012
Project("{FAE04EC0-301F-11D3-BF4B-00C04F79EFBC}") = "Web", "Web\Web.csproj", "{4D5F6500-B513-487E-89F5-549B0516B57C}"
EndProject
Project("{FAE04EC0-301F-11D3-BF4B-00C04F79EFBC}") = "Economy", "Economy\Economy.csproj", "{B4D92A0F-8344-496C-A67B-7676CC061408}"
EndProject
Project("{FAE04EC0-301F-11D3-BF4B-00C04F79EFBC}") = "Game", "Game\Game.csproj", "{C2DA08F2-695C-451B-AE36-3A7677D9254C}"
EndProject
Global
	GlobalSection(SolutionConfigurationPlatforms) = preSolution
		Debug|Any CPU = Debug|Any CPU
		Release|Any CPU = Release|Any CPU
	EndGlobalSection
	GlobalSection(ProjectConfigurationPlatforms) = postSolution
		{4D5F6500-B513-487E-89F5-549B0516B57C}.Debug|Any CPU.ActiveCfg = Debug|Any CPU
		{4D5F6500-B513-487E-89F5-549B0516B57C}.Debug|Any CPU.Build.0 = Debug|Any CPU
		{4D5F6500-B513-487E-89F5-549B0516B57C}.Release|Any CPU.ActiveCfg = Release|Any CPU
		{4D5F6500-B513-487E-89F5-549B0516B57C}.Release|Any CPU.Build.0 = Release|Any CPU
		{B4D92A0F-8344-496C-A67B-7676CC061408}.Debug|Any CPU.ActiveCfg = Debug|Any CPU
		{B4D92A0F-8344-496C-A67B-7676CC061408}.Debug|Any CPU.Build.0 = Debug|Any CPU
		{B4D92A0F-8344-496C-A67B-7676CC061408}.Release|Any CPU.ActiveCfg = Release|Any CPU
		{B4D92A0F-8344-496C-A67B-7676CC061408}.Release|Any CPU.Build.0 = Release|Any CPU
		{C2DA08F2-695C-451B-AE36-3A7677D9254C}.Debug|Any CPU.ActiveCfg = Debug|Any CPU
		{C2DA08F2-695C-451B-AE36-3A7677D9254C}.Debug|Any CPU.Build.0 = Debug|Any CPU
		{C2DA08F2-695C-451B-AE36-3A7677D9254C}.Release|Any CPU.ActiveCfg = Release|Any CPU
		{C2DA08F2-695C-451B-AE36-3A7677D9254C}.Release|Any CPU.Build.0 = Release|Any CPU
	EndGlobalSection
	GlobalSection(SolutionProperties) = preSolution
		HideSolutionNode = FALSE
	EndGlobalSection
EndGlobal
